
Microsoft Visual Studio Solution File, Format Version 12.00
# Visual Studio Version 16
VisualStudioVersion = 16.0.31624.102
MinimumVisualStudioVersion = 10.0.40219.1
Project("{FAE04EC0-301F-11D3-BF4B-00C04F79EFBC}") = "7-MedianaArreglonImpar", "7-MedianaArreglonImpar\7-MedianaArreglonImpar.csproj", "{1C7B47B6-3561-4DAD-BAB0-7714150920CD}"
EndProject
Global
	GlobalSection(SolutionConfigurationPlatforms) = preSolution
		Debug|Any CPU = Debug|Any CPU
		Release|Any CPU = Release|Any CPU
	EndGlobalSection
	GlobalSection(ProjectConfigurationPlatforms) = postSolution
		{1C7B47B6-3561-4DAD-BAB0-7714150920CD}.Debug|Any CPU.ActiveCfg = Debug|Any CPU
		{1C7B47B6-3561-4DAD-BAB0-7714150920CD}.Debug|Any CPU.Build.0 = Debug|Any CPU
		{1C7B47B6-3561-4DAD-BAB0-7714150920CD}.Release|Any CPU.ActiveCfg = Release|Any CPU
		{1C7B47B6-3561-4DAD-BAB0-7714150920CD}.Release|Any CPU.Build.0 = Release|Any CPU
	EndGlobalSection
	GlobalSection(SolutionProperties) = preSolution
		HideSolutionNode = FALSE
	EndGlobalSection
	GlobalSection(ExtensibilityGlobals) = postSolution
		SolutionGuid = {2DD5A069-CEB8-4411-BC9B-621684BF0177}
	EndGlobalSection
EndGlobal
